
Microsoft Visual Studio Solution File, Format Version 12.00
# Visual Studio Version 16
VisualStudioVersion = 16.0.31624.102
MinimumVisualStudioVersion = 10.0.40219.1
Project("{FAE04EC0-301F-11D3-BF4B-00C04F79EFBC}") = "CabManagement", "CabManagement\CabManagement.csproj", "{DE7B1BE6-7846-4000-BD33-7FF166389FFD}"
EndProject
Global
	GlobalSection(SolutionConfigurationPlatforms) = preSolution
		Debug|Any CPU = Debug|Any CPU
		Release|Any CPU = Release|Any CPU
	EndGlobalSection
	GlobalSection(ProjectConfigurationPlatforms) = postSolution
		{DE7B1BE6-7846-4000-BD33-7FF166389FFD}.Debug|Any CPU.ActiveCfg = Debug|Any CPU
		{DE7B1BE6-7846-4000-BD33-7FF166389FFD}.Debug|Any CPU.Build.0 = Debug|Any CPU
		{DE7B1BE6-7846-4000-BD33-7FF166389FFD}.Release|Any CPU.ActiveCfg = Release|Any CPU
		{DE7B1BE6-7846-4000-BD33-7FF166389FFD}.Release|Any CPU.Build.0 = Release|Any CPU
	EndGlobalSection
	GlobalSection(SolutionProperties) = preSolution
		HideSolutionNode = FALSE
	EndGlobalSection
	GlobalSection(ExtensibilityGlobals) = postSolution
		SolutionGuid = {6377C01F-29DC-45E5-A539-72B7CBE3CC71}
	EndGlobalSection
EndGlobal
